// !$*UTF8*$!
{
	archiveVersion = 1;
	classes = {
	};
	objectVersion = 56;
	objects = {

/* Begin PBXBuildFile section */
		B348F84D2C6554750056C856 /* PokemonView.swift in Sources */ = {isa = PBXBuildFile; fileRef = B348F84C2C6554750056C856 /* PokemonView.swift */; };
		B348F84F2C6556BB0056C856 /* PokemonViewModel.swift in Sources */ = {isa = PBXBuildFile; fileRef = B348F84E2C6556BB0056C856 /* PokemonViewModel.swift */; };
		B348F8512C664FE60056C856 /* ItemView.swift in Sources */ = {isa = PBXBuildFile; fileRef = B348F8502C664FE60056C856 /* ItemView.swift */; };
		B348F8532C668C3C0056C856 /* RotationView.swift in Sources */ = {isa = PBXBuildFile; fileRef = B348F8522C668C3C0056C856 /* RotationView.swift */; };
		B3A9BAE92C646812003858E6 /* PokedexApp.swift in Sources */ = {isa = PBXBuildFile; fileRef = B3A9BAE82C646812003858E6 /* PokedexApp.swift */; };
		B3A9BAEB2C646812003858E6 /* ListView.swift in Sources */ = {isa = PBXBuildFile; fileRef = B3A9BAEA2C646812003858E6 /* ListView.swift */; };
		B3A9BAED2C646815003858E6 /* Assets.xcassets in Resources */ = {isa = PBXBuildFile; fileRef = B3A9BAEC2C646815003858E6 /* Assets.xcassets */; };
		B3A9BAF02C646815003858E6 /* Preview Assets.xcassets in Resources */ = {isa = PBXBuildFile; fileRef = B3A9BAEF2C646815003858E6 /* Preview Assets.xcassets */; };
		B3A9BAF72C647826003858E6 /* PokemonModel.swift in Sources */ = {isa = PBXBuildFile; fileRef = B3A9BAF62C647826003858E6 /* PokemonModel.swift */; };
		B3A9BAFA2C647C9F003858E6 /* ListViewModel.swift in Sources */ = {isa = PBXBuildFile; fileRef = B3A9BAF92C647C9F003858E6 /* ListViewModel.swift */; };
		B3A9BAFF2C64B23F003858E6 /* ResultsModel.swift in Sources */ = {isa = PBXBuildFile; fileRef = B3A9BAFE2C64B23F003858E6 /* ResultsModel.swift */; };
/* End PBXBuildFile section */

/* Begin PBXFileReference section */
		B348F84C2C6554750056C856 /* PokemonView.swift */ = {isa = PBXFileReference; lastKnownFileType = sourcecode.swift; path = PokemonView.swift; sourceTree = "<group>"; };
		B348F84E2C6556BB0056C856 /* PokemonViewModel.swift */ = {isa = PBXFileReference; lastKnownFileType = sourcecode.swift; path = PokemonViewModel.swift; sourceTree = "<group>"; };
		B348F8502C664FE60056C856 /* ItemView.swift */ = {isa = PBXFileReference; lastKnownFileType = sourcecode.swift; path = ItemView.swift; sourceTree = "<group>"; };
		B348F8522C668C3C0056C856 /* RotationView.swift */ = {isa = PBXFileReference; lastKnownFileType = sourcecode.swift; path = RotationView.swift; sourceTree = "<group>"; };
		B3A9BAE52C646812003858E6 /* Pokedex.app */ = {isa = PBXFileReference; explicitFileType = wrapper.application; includeInIndex = 0; path = Pokedex.app; sourceTree = BUILT_PRODUCTS_DIR; };
		B3A9BAE82C646812003858E6 /* PokedexApp.swift */ = {isa = PBXFileReference; lastKnownFileType = sourcecode.swift; path = PokedexApp.swift; sourceTree = "<group>"; };
		B3A9BAEA2C646812003858E6 /* ListView.swift */ = {isa = PBXFileReference; lastKnownFileType = sourcecode.swift; path = ListView.swift; sourceTree = "<group>"; };
		B3A9BAEC2C646815003858E6 /* Assets.xcassets */ = {isa = PBXFileReference; lastKnownFileType = folder.assetcatalog; path = Assets.xcassets; sourceTree = "<group>"; };
		B3A9BAEF2C646815003858E6 /* Preview Assets.xcassets */ = {isa = PBXFileReference; lastKnownFileType = folder.assetcatalog; path = "Preview Assets.xcassets"; sourceTree = "<group>"; };
		B3A9BAF62C647826003858E6 /* PokemonModel.swift */ = {isa = PBXFileReference; lastKnownFileType = sourcecode.swift; path = PokemonModel.swift; sourceTree = "<group>"; };
		B3A9BAF92C647C9F003858E6 /* ListViewModel.swift */ = {isa = PBXFileReference; lastKnownFileType = sourcecode.swift; path = ListViewModel.swift; sourceTree = "<group>"; };
		B3A9BAFE2C64B23F003858E6 /* ResultsModel.swift */ = {isa = PBXFileReference; lastKnownFileType = sourcecode.swift; path = ResultsModel.swift; sourceTree = "<group>"; };
/* End PBXFileReference section */

/* Begin PBXFrameworksBuildPhase section */
		B3A9BAE22C646812003858E6 /* Frameworks */ = {
			isa = PBXFrameworksBuildPhase;
			buildActionMask = 2147483647;
			files = (
			);
			runOnlyForDeploymentPostprocessing = 0;
		};
/* End PBXFrameworksBuildPhase section */

/* Begin PBXGroup section */
		B348F8542C669E450056C856 /* ViewModel */ = {
			isa = PBXGroup;
			children = (
				B3A9BAF92C647C9F003858E6 /* ListViewModel.swift */,
				B348F84E2C6556BB0056C856 /* PokemonViewModel.swift */,
			);
			path = ViewModel;
			sourceTree = "<group>";
		};
		B3A9BADC2C646812003858E6 = {
			isa = PBXGroup;
			children = (
				B3A9BAE72C646812003858E6 /* Pokedex */,
				B3A9BAE62C646812003858E6 /* Products */,
			);
			sourceTree = "<group>";
		};
		B3A9BAE62C646812003858E6 /* Products */ = {
			isa = PBXGroup;
			children = (
				B3A9BAE52C646812003858E6 /* Pokedex.app */,
			);
			name = Products;
			sourceTree = "<group>";
		};
		B3A9BAE72C646812003858E6 /* Pokedex */ = {
			isa = PBXGroup;
			children = (
				B3A9BAE82C646812003858E6 /* PokedexApp.swift */,
				B3A9BAF82C647B2F003858E6 /* Model */,
				B3A9BAFD2C64AA39003858E6 /* View */,
				B348F8542C669E450056C856 /* ViewModel */,
				B3A9BAEC2C646815003858E6 /* Assets.xcassets */,
				B3A9BAEE2C646815003858E6 /* Preview Content */,
			);
			path = Pokedex;
			sourceTree = "<group>";
		};
		B3A9BAEE2C646815003858E6 /* Preview Content */ = {
			isa = PBXGroup;
			children = (
				B3A9BAEF2C646815003858E6 /* Preview Assets.xcassets */,
			);
			path = "Preview Content";
			sourceTree = "<group>";
		};
		B3A9BAF82C647B2F003858E6 /* Model */ = {
			isa = PBXGroup;
			children = (
				B3A9BAFE2C64B23F003858E6 /* ResultsModel.swift */,
				B3A9BAF62C647826003858E6 /* PokemonModel.swift */,
			);
			path = Model;
			sourceTree = "<group>";
		};
		B3A9BAFD2C64AA39003858E6 /* View */ = {
			isa = PBXGroup;
			children = (
				B3A9BAEA2C646812003858E6 /* ListView.swift */,
				B348F8502C664FE60056C856 /* ItemView.swift */,
				B348F84C2C6554750056C856 /* PokemonView.swift */,
				B348F8522C668C3C0056C856 /* RotationView.swift */,
			);
			path = View;
			sourceTree = "<group>";
		};
/* End PBXGroup section */

/* Begin PBXNativeTarget section */
		B3A9BAE42C646812003858E6 /* Pokedex */ = {
			isa = PBXNativeTarget;
			buildConfigurationList = B3A9BAF32C646815003858E6 /* Build configuration list for PBXNativeTarget "Pokedex" */;
			buildPhases = (
				B3A9BAE12C646812003858E6 /* Sources */,
				B3A9BAE22C646812003858E6 /* Frameworks */,
				B3A9BAE32C646812003858E6 /* Resources */,
			);
			buildRules = (
			);
			dependencies = (
			);
			name = Pokedex;
			productName = Pokedex;
			productReference = B3A9BAE52C646812003858E6 /* Pokedex.app */;
			productType = "com.apple.product-type.application";
		};
/* End PBXNativeTarget section */

/* Begin PBXProject section */
		B3A9BADD2C646812003858E6 /* Project object */ = {
			isa = PBXProject;
			attributes = {
				BuildIndependentTargetsInParallel = 1;
				LastSwiftUpdateCheck = 1540;
				LastUpgradeCheck = 1540;
				TargetAttributes = {
					B3A9BAE42C646812003858E6 = {
						CreatedOnToolsVersion = 15.4;
					};
				};
			};
			buildConfigurationList = B3A9BAE02C646812003858E6 /* Build configuration list for PBXProject "Pokedex" */;
			compatibilityVersion = "Xcode 14.0";
			developmentRegion = en;
			hasScannedForEncodings = 0;
			knownRegions = (
				en,
				Base,
			);
			mainGroup = B3A9BADC2C646812003858E6;
			productRefGroup = B3A9BAE62C646812003858E6 /* Products */;
			projectDirPath = "";
			projectRoot = "";
			targets = (
				B3A9BAE42C646812003858E6 /* Pokedex */,
			);
		};
/* End PBXProject section */

/* Begin PBXResourcesBuildPhase section */
		B3A9BAE32C646812003858E6 /* Resources */ = {
			isa = PBXResourcesBuildPhase;
			buildActionMask = 2147483647;
			files = (
				B3A9BAF02C646815003858E6 /* Preview Assets.xcassets in Resources */,
				B3A9BAED2C646815003858E6 /* Assets.xcassets in Resources */,
			);
			runOnlyForDeploymentPostprocessing = 0;
		};
/* End PBXResourcesBuildPhase section */

/* Begin PBXSourcesBuildPhase section */
		B3A9BAE12C646812003858E6 /* Sources */ = {
			isa = PBXSourcesBuildPhase;
			buildActionMask = 2147483647;
			files = (
				B348F84D2C6554750056C856 /* PokemonView.swift in Sources */,
				B348F84F2C6556BB0056C856 /* PokemonViewModel.swift in Sources */,
				B348F8532C668C3C0056C856 /* RotationView.swift in Sources */,
				B3A9BAFA2C647C9F003858E6 /* ListViewModel.swift in Sources */,
				B348F8512C664FE60056C856 /* ItemView.swift in Sources */,
				B3A9BAEB2C646812003858E6 /* ListView.swift in Sources */,
				B3A9BAF72C647826003858E6 /* PokemonModel.swift in Sources */,
				B3A9BAFF2C64B23F003858E6 /* ResultsModel.swift in Sources */,
				B3A9BAE92C646812003858E6 /* PokedexApp.swift in Sources */,
			);
			runOnlyForDeploymentPostprocessing = 0;
		};
/* End PBXSourcesBuildPhase section */

/* Begin XCBuildConfiguration section */
		B3A9BAF12C646815003858E6 /* Debug */ = {
			isa = XCBuildConfiguration;
			buildSettings = {
				ALWAYS_SEARCH_USER_PATHS = NO;
				ASSETCATALOG_COMPILER_GENERATE_SWIFT_ASSET_SYMBOL_EXTENSIONS = YES;
				CLANG_ANALYZER_NONNULL = YES;
				CLANG_ANALYZER_NUMBER_OBJECT_CONVERSION = YES_AGGRESSIVE;
				CLANG_CXX_LANGUAGE_STANDARD = "gnu++20";
				CLANG_ENABLE_MODULES = YES;
				CLANG_ENABLE_OBJC_ARC = YES;
				CLANG_ENABLE_OBJC_WEAK = YES;
				CLANG_WARN_BLOCK_CAPTURE_AUTORELEASING = YES;
				CLANG_WARN_BOOL_CONVERSION = YES;
				CLANG_WARN_COMMA = YES;
				CLANG_WARN_CONSTANT_CONVERSION = YES;
				CLANG_WARN_DEPRECATED_OBJC_IMPLEMENTATIONS = YES;
				CLANG_WARN_DIRECT_OBJC_ISA_USAGE = YES_ERROR;
				CLANG_WARN_DOCUMENTATION_COMMENTS = YES;
				CLANG_WARN_EMPTY_BODY = YES;
				CLANG_WARN_ENUM_CONVERSION = YES;
				CLANG_WARN_INFINITE_RECURSION = YES;
				CLANG_WARN_INT_CONVERSION = YES;
				CLANG_WARN_NON_LITERAL_NULL_CONVERSION = YES;
				CLANG_WARN_OBJC_IMPLICIT_RETAIN_SELF = YES;
				CLANG_WARN_OBJC_LITERAL_CONVERSION = YES;
				CLANG_WARN_OBJC_ROOT_CLASS = YES_ERROR;
				CLANG_WARN_QUOTED_INCLUDE_IN_FRAMEWORK_HEADER = YES;
				CLANG_WARN_RANGE_LOOP_ANALYSIS = YES;
				CLANG_WARN_STRICT_PROTOTYPES = YES;
				CLANG_WARN_SUSPICIOUS_MOVE = YES;
				CLANG_WARN_UNGUARDED_AVAILABILITY = YES_AGGRESSIVE;
				CLANG_WARN_UNREACHABLE_CODE = YES;
				CLANG_WARN__DUPLICATE_METHOD_MATCH = YES;
				COPY_PHASE_STRIP = NO;
				DEBUG_INFORMATION_FORMAT = dwarf;
				ENABLE_STRICT_OBJC_MSGSEND = YES;
				ENABLE_TESTABILITY = YES;
				ENABLE_USER_SCRIPT_SANDBOXING = YES;
				GCC_C_LANGUAGE_STANDARD = gnu17;
				GCC_DYNAMIC_NO_PIC = NO;
				GCC_NO_COMMON_BLOCKS = YES;
				GCC_OPTIMIZATION_LEVEL = 0;
				GCC_PREPROCESSOR_DEFINITIONS = (
					"DEBUG=1",
					"$(inherited)",
				);
				GCC_WARN_64_TO_32_BIT_CONVERSION = YES;
				GCC_WARN_ABOUT_RETURN_TYPE = YES_ERROR;
				GCC_WARN_UNDECLARED_SELECTOR = YES;
				GCC_WARN_UNINITIALIZED_AUTOS = YES_AGGRESSIVE;
				GCC_WARN_UNUSED_FUNCTION = YES;
				GCC_WARN_UNUSED_VARIABLE = YES;
				IPHONEOS_DEPLOYMENT_TARGET = 17.5;
				LOCALIZATION_PREFERS_STRING_CATALOGS = YES;
				MTL_ENABLE_DEBUG_INFO = INCLUDE_SOURCE;
				MTL_FAST_MATH = YES;
				ONLY_ACTIVE_ARCH = YES;
				SDKROOT = iphoneos;
				SWIFT_ACTIVE_COMPILATION_CONDITIONS = "DEBUG $(inherited)";
				SWIFT_OPTIMIZATION_LEVEL = "-Onone";
			};
			name = Debug;
		};
		B3A9BAF22C646815003858E6 /* Release */ = {
			isa = XCBuildConfiguration;
			buildSettings = {
				ALWAYS_SEARCH_USER_PATHS = NO;
				ASSETCATALOG_COMPILER_GENERATE_SWIFT_ASSET_SYMBOL_EXTENSIONS = YES;
				CLANG_ANALYZER_NONNULL = YES;
				CLANG_ANALYZER_NUMBER_OBJECT_CONVERSION = YES_AGGRESSIVE;
				CLANG_CXX_LANGUAGE_STANDARD = "gnu++20";
				CLANG_ENABLE_MODULES = YES;
				CLANG_ENABLE_OBJC_ARC = YES;
				CLANG_ENABLE_OBJC_WEAK = YES;
				CLANG_WARN_BLOCK_CAPTURE_AUTORELEASING = YES;
				CLANG_WARN_BOOL_CONVERSION = YES;
				CLANG_WARN_COMMA = YES;
				CLANG_WARN_CONSTANT_CONVERSION = YES;
				CLANG_WARN_DEPRECATED_OBJC_IMPLEMENTATIONS = YES;
				CLANG_WARN_DIRECT_OBJC_ISA_USAGE = YES_ERROR;
				CLANG_WARN_DOCUMENTATION_COMMENTS = YES;
				CLANG_WARN_EMPTY_BODY = YES;
				CLANG_WARN_ENUM_CONVERSION = YES;
				CLANG_WARN_INFINITE_RECURSION = YES;
				CLANG_WARN_INT_CONVERSION = YES;
				CLANG_WARN_NON_LITERAL_NULL_CONVERSION = YES;
				CLANG_WARN_OBJC_IMPLICIT_RETAIN_SELF = YES;
				CLANG_WARN_OBJC_LITERAL_CONVERSION = YES;
				CLANG_WARN_OBJC_ROOT_CLASS = YES_ERROR;
				CLANG_WARN_QUOTED_INCLUDE_IN_FRAMEWORK_HEADER = YES;
				CLANG_WARN_RANGE_LOOP_ANALYSIS = YES;
				CLANG_WARN_STRICT_PROTOTYPES = YES;
				CLANG_WARN_SUSPICIOUS_MOVE = YES;
				CLANG_WARN_UNGUARDED_AVAILABILITY = YES_AGGRESSIVE;
				CLANG_WARN_UNREACHABLE_CODE = YES;
				CLANG_WARN__DUPLICATE_METHOD_MATCH = YES;
				COPY_PHASE_STRIP = NO;
				DEBUG_INFORMATION_FORMAT = "dwarf-with-dsym";
				ENABLE_NS_ASSERTIONS = NO;
				ENABLE_STRICT_OBJC_MSGSEND = YES;
				ENABLE_USER_SCRIPT_SANDBOXING = YES;
				GCC_C_LANGUAGE_STANDARD = gnu17;
				GCC_NO_COMMON_BLOCKS = YES;
				GCC_WARN_64_TO_32_BIT_CONVERSION = YES;
				GCC_WARN_ABOUT_RETURN_TYPE = YES_ERROR;
				GCC_WARN_UNDECLARED_SELECTOR = YES;
				GCC_WARN_UNINITIALIZED_AUTOS = YES_AGGRESSIVE;
				GCC_WARN_UNUSED_FUNCTION = YES;
				GCC_WARN_UNUSED_VARIABLE = YES;
				IPHONEOS_DEPLOYMENT_TARGET = 17.5;
				LOCALIZATION_PREFERS_STRING_CATALOGS = YES;
				MTL_ENABLE_DEBUG_INFO = NO;
				MTL_FAST_MATH = YES;
				SDKROOT = iphoneos;
				SWIFT_COMPILATION_MODE = wholemodule;
				VALIDATE_PRODUCT = YES;
			};
			name = Release;
		};
		B3A9BAF42C646815003858E6 /* Debug */ = {
			isa = XCBuildConfiguration;
			buildSettings = {
				ASSETCATALOG_COMPILER_APPICON_NAME = AppIcon;
				ASSETCATALOG_COMPILER_GLOBAL_ACCENT_COLOR_NAME = AccentColor;
				CODE_SIGN_STYLE = Automatic;
				CURRENT_PROJECT_VERSION = 1;
				DEVELOPMENT_ASSET_PATHS = "\"Pokedex/Preview Content\"";
				DEVELOPMENT_TEAM = 84TTD6VG5A;
				ENABLE_PREVIEWS = YES;
				GENERATE_INFOPLIST_FILE = YES;
				INFOPLIST_KEY_UIApplicationSceneManifest_Generation = YES;
				INFOPLIST_KEY_UIApplicationSupportsIndirectInputEvents = YES;
				INFOPLIST_KEY_UILaunchScreen_Generation = YES;
				INFOPLIST_KEY_UISupportedInterfaceOrientations_iPad = "UIInterfaceOrientationPortrait UIInterfaceOrientationPortraitUpsideDown UIInterfaceOrientationLandscapeLeft UIInterfaceOrientationLandscapeRight";
				INFOPLIST_KEY_UISupportedInterfaceOrientations_iPhone = "UIInterfaceOrientationPortrait UIInterfaceOrientationLandscapeLeft UIInterfaceOrientationLandscapeRight";
				LD_RUNPATH_SEARCH_PATHS = (
					"$(inherited)",
					"@executable_path/Frameworks",
				);
				MARKETING_VERSION = 1.0;
				PRODUCT_BUNDLE_IDENTIFIER = mtorres.Pokedex;
				PRODUCT_NAME = "$(TARGET_NAME)";
				SWIFT_EMIT_LOC_STRINGS = YES;
				SWIFT_VERSION = 5.0;
				TARGETED_DEVICE_FAMILY = "1,2";
			};
			name = Debug;
		};
		B3A9BAF52C646815003858E6 /* Release */ = {
			isa = XCBuildConfiguration;
			buildSettings = {
				ASSETCATALOG_COMPILER_APPICON_NAME = AppIcon;
				ASSETCATALOG_COMPILER_GLOBAL_ACCENT_COLOR_NAME = AccentColor;
				CODE_SIGN_STYLE = Automatic;
				CURRENT_PROJECT_VERSION = 1;
				DEVELOPMENT_ASSET_PATHS = "\"Pokedex/Preview Content\"";
				DEVELOPMENT_TEAM = 84TTD6VG5A;
				ENABLE_PREVIEWS = YES;
				GENERATE_INFOPLIST_FILE = YES;
				INFOPLIST_KEY_UIApplicationSceneManifest_Generation = YES;
				INFOPLIST_KEY_UIApplicationSupportsIndirectInputEvents = YES;
				INFOPLIST_KEY_UILaunchScreen_Generation = YES;
				INFOPLIST_KEY_UISupportedInterfaceOrientations_iPad = "UIInterfaceOrientationPortrait UIInterfaceOrientationPortraitUpsideDown UIInterfaceOrientationLandscapeLeft UIInterfaceOrientationLandscapeRight";
				INFOPLIST_KEY_UISupportedInterfaceOrientations_iPhone = "UIInterfaceOrientationPortrait UIInterfaceOrientationLandscapeLeft UIInterfaceOrientationLandscapeRight";
				LD_RUNPATH_SEARCH_PATHS = (
					"$(inherited)",
					"@executable_path/Frameworks",
				);
				MARKETING_VERSION = 1.0;
				PRODUCT_BUNDLE_IDENTIFIER = mtorres.Pokedex;
				PRODUCT_NAME = "$(TARGET_NAME)";
				SWIFT_EMIT_LOC_STRINGS = YES;
				SWIFT_VERSION = 5.0;
				TARGETED_DEVICE_FAMILY = "1,2";
			};
			name = Release;
		};
/* End XCBuildConfiguration section */

/* Begin XCConfigurationList section */
		B3A9BAE02C646812003858E6 /* Build configuration list for PBXProject "Pokedex" */ = {
			isa = XCConfigurationList;
			buildConfigurations = (
				B3A9BAF12C646815003858E6 /* Debug */,
				B3A9BAF22C646815003858E6 /* Release */,
			);
			defaultConfigurationIsVisible = 0;
			defaultConfigurationName = Release;
		};
		B3A9BAF32C646815003858E6 /* Build configuration list for PBXNativeTarget "Pokedex" */ = {
			isa = XCConfigurationList;
			buildConfigurations = (
				B3A9BAF42C646815003858E6 /* Debug */,
				B3A9BAF52C646815003858E6 /* Release */,
			);
			defaultConfigurationIsVisible = 0;
			defaultConfigurationName = Release;
		};
/* End XCConfigurationList section */
	};
	rootObject = B3A9BADD2C646812003858E6 /* Project object */;
}
